// !$*UTF8*$!
{
	archiveVersion = 1;
	classes = {
	};
	objectVersion = 56;
	objects = {

/* Begin PBXBuildFile section */
		C81526052B221FCE00AEEFBF /* ViewController2.swift in Sources */ = {isa = PBXBuildFile; fileRef = C81526042B221FCE00AEEFBF /* ViewController2.swift */; };
		C82710BE2B1F7D4A00A69EE9 /* AppDelegate.swift in Sources */ = {isa = PBXBuildFile; fileRef = C82710BD2B1F7D4A00A69EE9 /* AppDelegate.swift */; };
		C82710C02B1F7D4A00A69EE9 /* SceneDelegate.swift in Sources */ = {isa = PBXBuildFile; fileRef = C82710BF2B1F7D4A00A69EE9 /* SceneDelegate.swift */; };
		C82710C22B1F7D4A00A69EE9 /* ViewController.swift in Sources */ = {isa = PBXBuildFile; fileRef = C82710C12B1F7D4A00A69EE9 /* ViewController.swift */; };
		C82710C52B1F7D4A00A69EE9 /* Main.storyboard in Resources */ = {isa = PBXBuildFile; fileRef = C82710C32B1F7D4A00A69EE9 /* Main.storyboard */; };
		C82710C82B1F7D4A00A69EE9 /* MASH.xcdatamodeld in Sources */ = {isa = PBXBuildFile; fileRef = C82710C62B1F7D4A00A69EE9 /* MASH.xcdatamodeld */; };
		C82710CA2B1F7D4C00A69EE9 /* Assets.xcassets in Resources */ = {isa = PBXBuildFile; fileRef = C82710C92B1F7D4C00A69EE9 /* Assets.xcassets */; };
		C82710CD2B1F7D4C00A69EE9 /* LaunchScreen.storyboard in Resources */ = {isa = PBXBuildFile; fileRef = C82710CB2B1F7D4C00A69EE9 /* LaunchScreen.storyboard */; };
		C82710D82B1F7D4C00A69EE9 /* MASHTests.swift in Sources */ = {isa = PBXBuildFile; fileRef = C82710D72B1F7D4C00A69EE9 /* MASHTests.swift */; };
		C82710E22B1F7D4C00A69EE9 /* MASHUITests.swift in Sources */ = {isa = PBXBuildFile; fileRef = C82710E12B1F7D4C00A69EE9 /* MASHUITests.swift */; };
		C82710E42B1F7D4C00A69EE9 /* MASHUITestsLaunchTests.swift in Sources */ = {isa = PBXBuildFile; fileRef = C82710E32B1F7D4C00A69EE9 /* MASHUITestsLaunchTests.swift */; };
/* End PBXBuildFile section */

/* Begin PBXContainerItemProxy section */
		C82710D42B1F7D4C00A69EE9 /* PBXContainerItemProxy */ = {
			isa = PBXContainerItemProxy;
			containerPortal = C82710B22B1F7D4A00A69EE9 /* Project object */;
			proxyType = 1;
			remoteGlobalIDString = C82710B92B1F7D4A00A69EE9;
			remoteInfo = MASH;
		};
		C82710DE2B1F7D4C00A69EE9 /* PBXContainerItemProxy */ = {
			isa = PBXContainerItemProxy;
			containerPortal = C82710B22B1F7D4A00A69EE9 /* Project object */;
			proxyType = 1;
			remoteGlobalIDString = C82710B92B1F7D4A00A69EE9;
			remoteInfo = MASH;
		};
/* End PBXContainerItemProxy section */

/* Begin PBXFileReference section */
		C81526042B221FCE00AEEFBF /* ViewController2.swift */ = {isa = PBXFileReference; lastKnownFileType = sourcecode.swift; path = ViewController2.swift; sourceTree = "<group>"; };
		C82710BA2B1F7D4A00A69EE9 /* MASH.app */ = {isa = PBXFileReference; explicitFileType = wrapper.application; includeInIndex = 0; path = MASH.app; sourceTree = BUILT_PRODUCTS_DIR; };
		C82710BD2B1F7D4A00A69EE9 /* AppDelegate.swift */ = {isa = PBXFileReference; lastKnownFileType = sourcecode.swift; path = AppDelegate.swift; sourceTree = "<group>"; };
		C82710BF2B1F7D4A00A69EE9 /* SceneDelegate.swift */ = {isa = PBXFileReference; lastKnownFileType = sourcecode.swift; path = SceneDelegate.swift; sourceTree = "<group>"; };
		C82710C12B1F7D4A00A69EE9 /* ViewController.swift */ = {isa = PBXFileReference; lastKnownFileType = sourcecode.swift; path = ViewController.swift; sourceTree = "<group>"; };
		C82710C42B1F7D4A00A69EE9 /* Base */ = {isa = PBXFileReference; lastKnownFileType = file.storyboard; name = Base; path = Base.lproj/Main.storyboard; sourceTree = "<group>"; };
		C82710C72B1F7D4A00A69EE9 /* MASH.xcdatamodel */ = {isa = PBXFileReference; lastKnownFileType = wrapper.xcdatamodel; path = MASH.xcdatamodel; sourceTree = "<group>"; };
		C82710C92B1F7D4C00A69EE9 /* Assets.xcassets */ = {isa = PBXFileReference; lastKnownFileType = folder.assetcatalog; path = Assets.xcassets; sourceTree = "<group>"; };
		C82710CC2B1F7D4C00A69EE9 /* Base */ = {isa = PBXFileReference; lastKnownFileType = file.storyboard; name = Base; path = Base.lproj/LaunchScreen.storyboard; sourceTree = "<group>"; };
		C82710CE2B1F7D4C00A69EE9 /* Info.plist */ = {isa = PBXFileReference; lastKnownFileType = text.plist.xml; path = Info.plist; sourceTree = "<group>"; };
		C82710D32B1F7D4C00A69EE9 /* MASHTests.xctest */ = {isa = PBXFileReference; explicitFileType = wrapper.cfbundle; includeInIndex = 0; path = MASHTests.xctest; sourceTree = BUILT_PRODUCTS_DIR; };
		C82710D72B1F7D4C00A69EE9 /* MASHTests.swift */ = {isa = PBXFileReference; lastKnownFileType = sourcecode.swift; path = MASHTests.swift; sourceTree = "<group>"; };
		C82710DD2B1F7D4C00A69EE9 /* MASHUITests.xctest */ = {isa = PBXFileReference; explicitFileType = wrapper.cfbundle; includeInIndex = 0; path = MASHUITests.xctest; sourceTree = BUILT_PRODUCTS_DIR; };
		C82710E12B1F7D4C00A69EE9 /* MASHUITests.swift */ = {isa = PBXFileReference; lastKnownFileType = sourcecode.swift; path = MASHUITests.swift; sourceTree = "<group>"; };
		C82710E32B1F7D4C00A69EE9 /* MASHUITestsLaunchTests.swift */ = {isa = PBXFileReference; lastKnownFileType = sourcecode.swift; path = MASHUITestsLaunchTests.swift; sourceTree = "<group>"; };
/* End PBXFileReference section */

/* Begin PBXFrameworksBuildPhase section */
		C82710B72B1F7D4A00A69EE9 /* Frameworks */ = {
			isa = PBXFrameworksBuildPhase;
			buildActionMask = 2147483647;
			files = (
			);
			runOnlyForDeploymentPostprocessing = 0;
		};
		C82710D02B1F7D4C00A69EE9 /* Frameworks */ = {
			isa = PBXFrameworksBuildPhase;
			buildActionMask = 2147483647;
			files = (
			);
			runOnlyForDeploymentPostprocessing = 0;
		};
		C82710DA2B1F7D4C00A69EE9 /* Frameworks */ = {
			isa = PBXFrameworksBuildPhase;
			buildActionMask = 2147483647;
			files = (
			);
			runOnlyForDeploymentPostprocessing = 0;
		};
/* End PBXFrameworksBuildPhase section */

/* Begin PBXGroup section */
		C82710B12B1F7D4A00A69EE9 = {
			isa = PBXGroup;
			children = (
				C81526042B221FCE00AEEFBF /* ViewController2.swift */,
				C82710BC2B1F7D4A00A69EE9 /* MASH */,
				C82710D62B1F7D4C00A69EE9 /* MASHTests */,
				C82710E02B1F7D4C00A69EE9 /* MASHUITests */,
				C82710BB2B1F7D4A00A69EE9 /* Products */,
			);
			sourceTree = "<group>";
		};
		C82710BB2B1F7D4A00A69EE9 /* Products */ = {
			isa = PBXGroup;
			children = (
				C82710BA2B1F7D4A00A69EE9 /* MASH.app */,
				C82710D32B1F7D4C00A69EE9 /* MASHTests.xctest */,
				C82710DD2B1F7D4C00A69EE9 /* MASHUITests.xctest */,
			);
			name = Products;
			sourceTree = "<group>";
		};
		C82710BC2B1F7D4A00A69EE9 /* MASH */ = {
			isa = PBXGroup;
			children = (
				C82710BD2B1F7D4A00A69EE9 /* AppDelegate.swift */,
				C82710BF2B1F7D4A00A69EE9 /* SceneDelegate.swift */,
				C82710C12B1F7D4A00A69EE9 /* ViewController.swift */,
				C82710C32B1F7D4A00A69EE9 /* Main.storyboard */,
				C82710C92B1F7D4C00A69EE9 /* Assets.xcassets */,
				C82710CB2B1F7D4C00A69EE9 /* LaunchScreen.storyboard */,
				C82710CE2B1F7D4C00A69EE9 /* Info.plist */,
				C82710C62B1F7D4A00A69EE9 /* MASH.xcdatamodeld */,
			);
			path = MASH;
			sourceTree = "<group>";
		};
		C82710D62B1F7D4C00A69EE9 /* MASHTests */ = {
			isa = PBXGroup;
			children = (
				C82710D72B1F7D4C00A69EE9 /* MASHTests.swift */,
			);
			path = MASHTests;
			sourceTree = "<group>";
		};
		C82710E02B1F7D4C00A69EE9 /* MASHUITests */ = {
			isa = PBXGroup;
			children = (
				C82710E12B1F7D4C00A69EE9 /* MASHUITests.swift */,
				C82710E32B1F7D4C00A69EE9 /* MASHUITestsLaunchTests.swift */,
			);
			path = MASHUITests;
			sourceTree = "<group>";
		};
/* End PBXGroup section */

/* Begin PBXNativeTarget section */
		C82710B92B1F7D4A00A69EE9 /* MASH */ = {
			isa = PBXNativeTarget;
			buildConfigurationList = C82710E72B1F7D4C00A69EE9 /* Build configuration list for PBXNativeTarget "MASH" */;
			buildPhases = (
				C82710B62B1F7D4A00A69EE9 /* Sources */,
				C82710B72B1F7D4A00A69EE9 /* Frameworks */,
				C82710B82B1F7D4A00A69EE9 /* Resources */,
			);
			buildRules = (
			);
			dependencies = (
			);
			name = MASH;
			productName = MASH;
			productReference = C82710BA2B1F7D4A00A69EE9 /* MASH.app */;
			productType = "com.apple.product-type.application";
		};
		C82710D22B1F7D4C00A69EE9 /* MASHTests */ = {
			isa = PBXNativeTarget;
			buildConfigurationList = C82710EA2B1F7D4C00A69EE9 /* Build configuration list for PBXNativeTarget "MASHTests" */;
			buildPhases = (
				C82710CF2B1F7D4C00A69EE9 /* Sources */,
				C82710D02B1F7D4C00A69EE9 /* Frameworks */,
				C82710D12B1F7D4C00A69EE9 /* Resources */,
			);
			buildRules = (
			);
			dependencies = (
				C82710D52B1F7D4C00A69EE9 /* PBXTargetDependency */,
			);
			name = MASHTests;
			productName = MASHTests;
			productReference = C82710D32B1F7D4C00A69EE9 /* MASHTests.xctest */;
			productType = "com.apple.product-type.bundle.unit-test";
		};
		C82710DC2B1F7D4C00A69EE9 /* MASHUITests */ = {
			isa = PBXNativeTarget;
			buildConfigurationList = C82710ED2B1F7D4C00A69EE9 /* Build configuration list for PBXNativeTarget "MASHUITests" */;
			buildPhases = (
				C82710D92B1F7D4C00A69EE9 /* Sources */,
				C82710DA2B1F7D4C00A69EE9 /* Frameworks */,
				C82710DB2B1F7D4C00A69EE9 /* Resources */,
			);
			buildRules = (
			);
			dependencies = (
				C82710DF2B1F7D4C00A69EE9 /* PBXTargetDependency */,
			);
			name = MASHUITests;
			productName = MASHUITests;
			productReference = C82710DD2B1F7D4C00A69EE9 /* MASHUITests.xctest */;
			productType = "com.apple.product-type.bundle.ui-testing";
		};
/* End PBXNativeTarget section */

/* Begin PBXProject section */
		C82710B22B1F7D4A00A69EE9 /* Project object */ = {
			isa = PBXProject;
			attributes = {
				BuildIndependentTargetsInParallel = 1;
				LastSwiftUpdateCheck = 1430;
				LastUpgradeCheck = 1430;
				TargetAttributes = {
					C82710B92B1F7D4A00A69EE9 = {
						CreatedOnToolsVersion = 14.3.1;
					};
					C82710D22B1F7D4C00A69EE9 = {
						CreatedOnToolsVersion = 14.3.1;
						TestTargetID = C82710B92B1F7D4A00A69EE9;
					};
					C82710DC2B1F7D4C00A69EE9 = {
						CreatedOnToolsVersion = 14.3.1;
						TestTargetID = C82710B92B1F7D4A00A69EE9;
					};
				};
			};
			buildConfigurationList = C82710B52B1F7D4A00A69EE9 /* Build configuration list for PBXProject "MASH" */;
			compatibilityVersion = "Xcode 14.0";
			developmentRegion = en;
			hasScannedForEncodings = 0;
			knownRegions = (
				en,
				Base,
			);
			mainGroup = C82710B12B1F7D4A00A69EE9;
			productRefGroup = C82710BB2B1F7D4A00A69EE9 /* Products */;
			projectDirPath = "";
			projectRoot = "";
			targets = (
				C82710B92B1F7D4A00A69EE9 /* MASH */,
				C82710D22B1F7D4C00A69EE9 /* MASHTests */,
				C82710DC2B1F7D4C00A69EE9 /* MASHUITests */,
			);
		};
/* End PBXProject section */

/* Begin PBXResourcesBuildPhase section */
		C82710B82B1F7D4A00A69EE9 /* Resources */ = {
			isa = PBXResourcesBuildPhase;
			buildActionMask = 2147483647;
			files = (
				C82710CD2B1F7D4C00A69EE9 /* LaunchScreen.storyboard in Resources */,
				C82710CA2B1F7D4C00A69EE9 /* Assets.xcassets in Resources */,
				C82710C52B1F7D4A00A69EE9 /* Main.storyboard in Resources */,
			);
			runOnlyForDeploymentPostprocessing = 0;
		};
		C82710D12B1F7D4C00A69EE9 /* Resources */ = {
			isa = PBXResourcesBuildPhase;
			buildActionMask = 2147483647;
			files = (
			);
			runOnlyForDeploymentPostprocessing = 0;
		};
		C82710DB2B1F7D4C00A69EE9 /* Resources */ = {
			isa = PBXResourcesBuildPhase;
			buildActionMask = 2147483647;
			files = (
			);
			runOnlyForDeploymentPostprocessing = 0;
		};
/* End PBXResourcesBuildPhase section */

/* Begin PBXSourcesBuildPhase section */
		C82710B62B1F7D4A00A69EE9 /* Sources */ = {
			isa = PBXSourcesBuildPhase;
			buildActionMask = 2147483647;
			files = (
				C81526052B221FCE00AEEFBF /* ViewController2.swift in Sources */,
				C82710C22B1F7D4A00A69EE9 /* ViewController.swift in Sources */,
				C82710BE2B1F7D4A00A69EE9 /* AppDelegate.swift in Sources */,
				C82710C82B1F7D4A00A69EE9 /* MASH.xcdatamodeld in Sources */,
				C82710C02B1F7D4A00A69EE9 /* SceneDelegate.swift in Sources */,
			);
			runOnlyForDeploymentPostprocessing = 0;
		};
		C82710CF2B1F7D4C00A69EE9 /* Sources */ = {
			isa = PBXSourcesBuildPhase;
			buildActionMask = 2147483647;
			files = (
				C82710D82B1F7D4C00A69EE9 /* MASHTests.swift in Sources */,
			);
			runOnlyForDeploymentPostprocessing = 0;
		};
		C82710D92B1F7D4C00A69EE9 /* Sources */ = {
			isa = PBXSourcesBuildPhase;
			buildActionMask = 2147483647;
			files = (
				C82710E22B1F7D4C00A69EE9 /* MASHUITests.swift in Sources */,
				C82710E42B1F7D4C00A69EE9 /* MASHUITestsLaunchTests.swift in Sources */,
			);
			runOnlyForDeploymentPostprocessing = 0;
		};
/* End PBXSourcesBuildPhase section */

/* Begin PBXTargetDependency section */
		C82710D52B1F7D4C00A69EE9 /* PBXTargetDependency */ = {
			isa = PBXTargetDependency;
			target = C82710B92B1F7D4A00A69EE9 /* MASH */;
			targetProxy = C82710D42B1F7D4C00A69EE9 /* PBXContainerItemProxy */;
		};
		C82710DF2B1F7D4C00A69EE9 /* PBXTargetDependency */ = {
			isa = PBXTargetDependency;
			target = C82710B92B1F7D4A00A69EE9 /* MASH */;
			targetProxy = C82710DE2B1F7D4C00A69EE9 /* PBXContainerItemProxy */;
		};
/* End PBXTargetDependency section */

/* Begin PBXVariantGroup section */
		C82710C32B1F7D4A00A69EE9 /* Main.storyboard */ = {
			isa = PBXVariantGroup;
			children = (
				C82710C42B1F7D4A00A69EE9 /* Base */,
			);
			name = Main.storyboard;
			sourceTree = "<group>";
		};
		C82710CB2B1F7D4C00A69EE9 /* LaunchScreen.storyboard */ = {
			isa = PBXVariantGroup;
			children = (
				C82710CC2B1F7D4C00A69EE9 /* Base */,
			);
			name = LaunchScreen.storyboard;
			sourceTree = "<group>";
		};
/* End PBXVariantGroup section */

/* Begin XCBuildConfiguration section */
		C82710E52B1F7D4C00A69EE9 /* Debug */ = {
			isa = XCBuildConfiguration;
			buildSettings = {
				ALWAYS_SEARCH_USER_PATHS = NO;
				CLANG_ANALYZER_NONNULL = YES;
				CLANG_ANALYZER_NUMBER_OBJECT_CONVERSION = YES_AGGRESSIVE;
				CLANG_CXX_LANGUAGE_STANDARD = "gnu++20";
				CLANG_ENABLE_MODULES = YES;
				CLANG_ENABLE_OBJC_ARC = YES;
				CLANG_ENABLE_OBJC_WEAK = YES;
				CLANG_WARN_BLOCK_CAPTURE_AUTORELEASING = YES;
				CLANG_WARN_BOOL_CONVERSION = YES;
				CLANG_WARN_COMMA = YES;
				CLANG_WARN_CONSTANT_CONVERSION = YES;
				CLANG_WARN_DEPRECATED_OBJC_IMPLEMENTATIONS = YES;
				CLANG_WARN_DIRECT_OBJC_ISA_USAGE = YES_ERROR;
				CLANG_WARN_DOCUMENTATION_COMMENTS = YES;
				CLANG_WARN_EMPTY_BODY = YES;
				CLANG_WARN_ENUM_CONVERSION = YES;
				CLANG_WARN_INFINITE_RECURSION = YES;
				CLANG_WARN_INT_CONVERSION = YES;
				CLANG_WARN_NON_LITERAL_NULL_CONVERSION = YES;
				CLANG_WARN_OBJC_IMPLICIT_RETAIN_SELF = YES;
				CLANG_WARN_OBJC_LITERAL_CONVERSION = YES;
				CLANG_WARN_OBJC_ROOT_CLASS = YES_ERROR;
				CLANG_WARN_QUOTED_INCLUDE_IN_FRAMEWORK_HEADER = YES;
				CLANG_WARN_RANGE_LOOP_ANALYSIS = YES;
				CLANG_WARN_STRICT_PROTOTYPES = YES;
				CLANG_WARN_SUSPICIOUS_MOVE = YES;
				CLANG_WARN_UNGUARDED_AVAILABILITY = YES_AGGRESSIVE;
				CLANG_WARN_UNREACHABLE_CODE = YES;
				CLANG_WARN__DUPLICATE_METHOD_MATCH = YES;
				COPY_PHASE_STRIP = NO;
				DEBUG_INFORMATION_FORMAT = dwarf;
				ENABLE_STRICT_OBJC_MSGSEND = YES;
				ENABLE_TESTABILITY = YES;
				GCC_C_LANGUAGE_STANDARD = gnu11;
				GCC_DYNAMIC_NO_PIC = NO;
				GCC_NO_COMMON_BLOCKS = YES;
				GCC_OPTIMIZATION_LEVEL = 0;
				GCC_PREPROCESSOR_DEFINITIONS = (
					"DEBUG=1",
					"$(inherited)",
				);
				GCC_WARN_64_TO_32_BIT_CONVERSION = YES;
				GCC_WARN_ABOUT_RETURN_TYPE = YES_ERROR;
				GCC_WARN_UNDECLARED_SELECTOR = YES;
				GCC_WARN_UNINITIALIZED_AUTOS = YES_AGGRESSIVE;
				GCC_WARN_UNUSED_FUNCTION = YES;
				GCC_WARN_UNUSED_VARIABLE = YES;
				IPHONEOS_DEPLOYMENT_TARGET = 16.4;
				MTL_ENABLE_DEBUG_INFO = INCLUDE_SOURCE;
				MTL_FAST_MATH = YES;
				ONLY_ACTIVE_ARCH = YES;
				SDKROOT = iphoneos;
				SWIFT_ACTIVE_COMPILATION_CONDITIONS = DEBUG;
				SWIFT_OPTIMIZATION_LEVEL = "-Onone";
			};
			name = Debug;
		};
		C82710E62B1F7D4C00A69EE9 /* Release */ = {
			isa = XCBuildConfiguration;
			buildSettings = {
				ALWAYS_SEARCH_USER_PATHS = NO;
				CLANG_ANALYZER_NONNULL = YES;
				CLANG_ANALYZER_NUMBER_OBJECT_CONVERSION = YES_AGGRESSIVE;
				CLANG_CXX_LANGUAGE_STANDARD = "gnu++20";
				CLANG_ENABLE_MODULES = YES;
				CLANG_ENABLE_OBJC_ARC = YES;
				CLANG_ENABLE_OBJC_WEAK = YES;
				CLANG_WARN_BLOCK_CAPTURE_AUTORELEASING = YES;
				CLANG_WARN_BOOL_CONVERSION = YES;
				CLANG_WARN_COMMA = YES;
				CLANG_WARN_CONSTANT_CONVERSION = YES;
				CLANG_WARN_DEPRECATED_OBJC_IMPLEMENTATIONS = YES;
				CLANG_WARN_DIRECT_OBJC_ISA_USAGE = YES_ERROR;
				CLANG_WARN_DOCUMENTATION_COMMENTS = YES;
				CLANG_WARN_EMPTY_BODY = YES;
				CLANG_WARN_ENUM_CONVERSION = YES;
				CLANG_WARN_INFINITE_RECURSION = YES;
				CLANG_WARN_INT_CONVERSION = YES;
				CLANG_WARN_NON_LITERAL_NULL_CONVERSION = YES;
				CLANG_WARN_OBJC_IMPLICIT_RETAIN_SELF = YES;
				CLANG_WARN_OBJC_LITERAL_CONVERSION = YES;
				CLANG_WARN_OBJC_ROOT_CLASS = YES_ERROR;
				CLANG_WARN_QUOTED_INCLUDE_IN_FRAMEWORK_HEADER = YES;
				CLANG_WARN_RANGE_LOOP_ANALYSIS = YES;
				CLANG_WARN_STRICT_PROTOTYPES = YES;
				CLANG_WARN_SUSPICIOUS_MOVE = YES;
				CLANG_WARN_UNGUARDED_AVAILABILITY = YES_AGGRESSIVE;
				CLANG_WARN_UNREACHABLE_CODE = YES;
				CLANG_WARN__DUPLICATE_METHOD_MATCH = YES;
				COPY_PHASE_STRIP = NO;
				DEBUG_INFORMATION_FORMAT = "dwarf-with-dsym";
				ENABLE_NS_ASSERTIONS = NO;
				ENABLE_STRICT_OBJC_MSGSEND = YES;
				GCC_C_LANGUAGE_STANDARD = gnu11;
				GCC_NO_COMMON_BLOCKS = YES;
				GCC_WARN_64_TO_32_BIT_CONVERSION = YES;
				GCC_WARN_ABOUT_RETURN_TYPE = YES_ERROR;
				GCC_WARN_UNDECLARED_SELECTOR = YES;
				GCC_WARN_UNINITIALIZED_AUTOS = YES_AGGRESSIVE;
				GCC_WARN_UNUSED_FUNCTION = YES;
				GCC_WARN_UNUSED_VARIABLE = YES;
				IPHONEOS_DEPLOYMENT_TARGET = 16.4;
				MTL_ENABLE_DEBUG_INFO = NO;
				MTL_FAST_MATH = YES;
				SDKROOT = iphoneos;
				SWIFT_COMPILATION_MODE = wholemodule;
				SWIFT_OPTIMIZATION_LEVEL = "-O";
				VALIDATE_PRODUCT = YES;
			};
			name = Release;
		};
		C82710E82B1F7D4C00A69EE9 /* Debug */ = {
			isa = XCBuildConfiguration;
			buildSettings = {
				ASSETCATALOG_COMPILER_APPICON_NAME = AppIcon;
				ASSETCATALOG_COMPILER_GLOBAL_ACCENT_COLOR_NAME = AccentColor;
				CODE_SIGN_STYLE = Automatic;
				CURRENT_PROJECT_VERSION = 1;
				DEVELOPMENT_TEAM = U4GPKHMJ2U;
				GENERATE_INFOPLIST_FILE = YES;
				INFOPLIST_FILE = MASH/Info.plist;
				INFOPLIST_KEY_UIApplicationSupportsIndirectInputEvents = YES;
				INFOPLIST_KEY_UILaunchStoryboardName = LaunchScreen;
				INFOPLIST_KEY_UIMainStoryboardFile = Main;
				INFOPLIST_KEY_UISupportedInterfaceOrientations_iPad = "UIInterfaceOrientationPortrait UIInterfaceOrientationPortraitUpsideDown UIInterfaceOrientationLandscapeLeft UIInterfaceOrientationLandscapeRight";
				INFOPLIST_KEY_UISupportedInterfaceOrientations_iPhone = "UIInterfaceOrientationPortrait UIInterfaceOrientationLandscapeLeft UIInterfaceOrientationLandscapeRight";
				LD_RUNPATH_SEARCH_PATHS = (
					"$(inherited)",
					"@executable_path/Frameworks",
				);
				MARKETING_VERSION = 1.0;
				PRODUCT_BUNDLE_IDENTIFIER = clc.MASH;
				PRODUCT_NAME = "$(TARGET_NAME)";
				SWIFT_EMIT_LOC_STRINGS = YES;
				SWIFT_VERSION = 5.0;
				TARGETED_DEVICE_FAMILY = "1,2";
			};
			name = Debug;
		};
		C82710E92B1F7D4C00A69EE9 /* Release */ = {
			isa = XCBuildConfiguration;
			buildSettings = {
				ASSETCATALOG_COMPILER_APPICON_NAME = AppIcon;
				ASSETCATALOG_COMPILER_GLOBAL_ACCENT_COLOR_NAME = AccentColor;
				CODE_SIGN_STYLE = Automatic;
				CURRENT_PROJECT_VERSION = 1;
				DEVELOPMENT_TEAM = U4GPKHMJ2U;
				GENERATE_INFOPLIST_FILE = YES;
				INFOPLIST_FILE = MASH/Info.plist;
				INFOPLIST_KEY_UIApplicationSupportsIndirectInputEvents = YES;
				INFOPLIST_KEY_UILaunchStoryboardName = LaunchScreen;
				INFOPLIST_KEY_UIMainStoryboardFile = Main;
				INFOPLIST_KEY_UISupportedInterfaceOrientations_iPad = "UIInterfaceOrientationPortrait UIInterfaceOrientationPortraitUpsideDown UIInterfaceOrientationLandscapeLeft UIInterfaceOrientationLandscapeRight";
				INFOPLIST_KEY_UISupportedInterfaceOrientations_iPhone = "UIInterfaceOrientationPortrait UIInterfaceOrientationLandscapeLeft UIInterfaceOrientationLandscapeRight";
				LD_RUNPATH_SEARCH_PATHS = (
					"$(inherited)",
					"@executable_path/Frameworks",
				);
				MARKETING_VERSION = 1.0;
				PRODUCT_BUNDLE_IDENTIFIER = clc.MASH;
				PRODUCT_NAME = "$(TARGET_NAME)";
				SWIFT_EMIT_LOC_STRINGS = YES;
				SWIFT_VERSION = 5.0;
				TARGETED_DEVICE_FAMILY = "1,2";
			};
			name = Release;
		};
		C82710EB2B1F7D4C00A69EE9 /* Debug */ = {
			isa = XCBuildConfiguration;
			buildSettings = {
				ALWAYS_EMBED_SWIFT_STANDARD_LIBRARIES = YES;
				BUNDLE_LOADER = "$(TEST_HOST)";
				CODE_SIGN_STYLE = Automatic;
				CURRENT_PROJECT_VERSION = 1;
				DEVELOPMENT_TEAM = U4GPKHMJ2U;
				GENERATE_INFOPLIST_FILE = YES;
				IPHONEOS_DEPLOYMENT_TARGET = 16.4;
				MARKETING_VERSION = 1.0;
				PRODUCT_BUNDLE_IDENTIFIER = clc.MASHTests;
				PRODUCT_NAME = "$(TARGET_NAME)";
				SWIFT_EMIT_LOC_STRINGS = NO;
				SWIFT_VERSION = 5.0;
				TARGETED_DEVICE_FAMILY = "1,2";
				TEST_HOST = "$(BUILT_PRODUCTS_DIR)/MASH.app/$(BUNDLE_EXECUTABLE_FOLDER_PATH)/MASH";
			};
			name = Debug;
		};
		C82710EC2B1F7D4C00A69EE9 /* Release */ = {
			isa = XCBuildConfiguration;
			buildSettings = {
				ALWAYS_EMBED_SWIFT_STANDARD_LIBRARIES = YES;
				BUNDLE_LOADER = "$(TEST_HOST)";
				CODE_SIGN_STYLE = Automatic;
				CURRENT_PROJECT_VERSION = 1;
				DEVELOPMENT_TEAM = U4GPKHMJ2U;
				GENERATE_INFOPLIST_FILE = YES;
				IPHONEOS_DEPLOYMENT_TARGET = 16.4;
				MARKETING_VERSION = 1.0;
				PRODUCT_BUNDLE_IDENTIFIER = clc.MASHTests;
				PRODUCT_NAME = "$(TARGET_NAME)";
				SWIFT_EMIT_LOC_STRINGS = NO;
				SWIFT_VERSION = 5.0;
				TARGETED_DEVICE_FAMILY = "1,2";
				TEST_HOST = "$(BUILT_PRODUCTS_DIR)/MASH.app/$(BUNDLE_EXECUTABLE_FOLDER_PATH)/MASH";
			};
			name = Release;
		};
		C82710EE2B1F7D4C00A69EE9 /* Debug */ = {
			isa = XCBuildConfiguration;
			buildSettings = {
				ALWAYS_EMBED_SWIFT_STANDARD_LIBRARIES = YES;
				CODE_SIGN_STYLE = Automatic;
				CURRENT_PROJECT_VERSION = 1;
				DEVELOPMENT_TEAM = U4GPKHMJ2U;
				GENERATE_INFOPLIST_FILE = YES;
				MARKETING_VERSION = 1.0;
				PRODUCT_BUNDLE_IDENTIFIER = clc.MASHUITests;
				PRODUCT_NAME = "$(TARGET_NAME)";
				SWIFT_EMIT_LOC_STRINGS = NO;
				SWIFT_VERSION = 5.0;
				TARGETED_DEVICE_FAMILY = "1,2";
				TEST_TARGET_NAME = MASH;
			};
			name = Debug;
		};
		C82710EF2B1F7D4C00A69EE9 /* Release */ = {
			isa = XCBuildConfiguration;
			buildSettings = {
				ALWAYS_EMBED_SWIFT_STANDARD_LIBRARIES = YES;
				CODE_SIGN_STYLE = Automatic;
				CURRENT_PROJECT_VERSION = 1;
				DEVELOPMENT_TEAM = U4GPKHMJ2U;
				GENERATE_INFOPLIST_FILE = YES;
				MARKETING_VERSION = 1.0;
				PRODUCT_BUNDLE_IDENTIFIER = clc.MASHUITests;
				PRODUCT_NAME = "$(TARGET_NAME)";
				SWIFT_EMIT_LOC_STRINGS = NO;
				SWIFT_VERSION = 5.0;
				TARGETED_DEVICE_FAMILY = "1,2";
				TEST_TARGET_NAME = MASH;
			};
			name = Release;
		};
/* End XCBuildConfiguration section */

/* Begin XCConfigurationList section */
		C82710B52B1F7D4A00A69EE9 /* Build configuration list for PBXProject "MASH" */ = {
			isa = XCConfigurationList;
			buildConfigurations = (
				C82710E52B1F7D4C00A69EE9 /* Debug */,
				C82710E62B1F7D4C00A69EE9 /* Release */,
			);
			defaultConfigurationIsVisible = 0;
			defaultConfigurationName = Release;
		};
		C82710E72B1F7D4C00A69EE9 /* Build configuration list for PBXNativeTarget "MASH" */ = {
			isa = XCConfigurationList;
			buildConfigurations = (
				C82710E82B1F7D4C00A69EE9 /* Debug */,
				C82710E92B1F7D4C00A69EE9 /* Release */,
			);
			defaultConfigurationIsVisible = 0;
			defaultConfigurationName = Release;
		};
		C82710EA2B1F7D4C00A69EE9 /* Build configuration list for PBXNativeTarget "MASHTests" */ = {
			isa = XCConfigurationList;
			buildConfigurations = (
				C82710EB2B1F7D4C00A69EE9 /* Debug */,
				C82710EC2B1F7D4C00A69EE9 /* Release */,
			);
			defaultConfigurationIsVisible = 0;
			defaultConfigurationName = Release;
		};
		C82710ED2B1F7D4C00A69EE9 /* Build configuration list for PBXNativeTarget "MASHUITests" */ = {
			isa = XCConfigurationList;
			buildConfigurations = (
				C82710EE2B1F7D4C00A69EE9 /* Debug */,
				C82710EF2B1F7D4C00A69EE9 /* Release */,
			);
			defaultConfigurationIsVisible = 0;
			defaultConfigurationName = Release;
		};
/* End XCConfigurationList section */

/* Begin XCVersionGroup section */
		C82710C62B1F7D4A00A69EE9 /* MASH.xcdatamodeld */ = {
			isa = XCVersionGroup;
			children = (
				C82710C72B1F7D4A00A69EE9 /* MASH.xcdatamodel */,
			);
			currentVersion = C82710C72B1F7D4A00A69EE9 /* MASH.xcdatamodel */;
			path = MASH.xcdatamodeld;
			sourceTree = "<group>";
			versionGroupType = wrapper.xcdatamodel;
		};
/* End XCVersionGroup section */
	};
	rootObject = C82710B22B1F7D4A00A69EE9 /* Project object */;
}
